
Microsoft Visual Studio Solution File, Format Version 12.00
# Visual Studio Version 17
VisualStudioVersion = 17.0.31903.59
MinimumVisualStudioVersion = 10.0.40219.1
Project("{FAE04EC0-301F-11D3-BF4B-00C04F79EFBC}") = "VRCGPUTool", "VRCGPUTool\VRCGPUTool.csproj", "{6C17ACE2-C787-4DFE-BB69-A243613F4AA1}"
EndProject
Project("{FAE04EC0-301F-11D3-BF4B-00C04F79EFBC}") = "VRCGPUTool.Tests", "VRCGPUTool.Tests\VRCGPUTool.Tests.csproj", "{C5842689-2ACB-45CB-B2F4-B7E9FE92D07A}"
EndProject
Project("{FAE04EC0-301F-11D3-BF4B-00C04F79EFBC}") = "VRCGPUTool.Shared", "VRCGPUTool.Shared\VRCGPUTool.Shared.csproj", "{003DF2EA-28E3-4EB2-8540-BE3C2EDF7024}"
EndProject
Project("{FAE04EC0-301F-11D3-BF4B-00C04F79EFBC}") = "NvidiaSmiProxy", "NvidiaSmiProxy\NvidiaSmiProxy.csproj", "{78ABDC95-F5CB-490A-9E2F-C840866301B4}"
EndProject
Global
	GlobalSection(SolutionConfigurationPlatforms) = preSolution
		Debug|Any CPU = Debug|Any CPU
		Debug|x64 = Debug|x64
		Debug|x86 = Debug|x86
		Release|Any CPU = Release|Any CPU
		Release|x64 = Release|x64
		Release|x86 = Release|x86
	EndGlobalSection
	GlobalSection(ProjectConfigurationPlatforms) = postSolution
		{6C17ACE2-C787-4DFE-BB69-A243613F4AA1}.Debug|Any CPU.ActiveCfg = Debug|x64
		{6C17ACE2-C787-4DFE-BB69-A243613F4AA1}.Debug|Any CPU.Build.0 = Debug|x64
		{6C17ACE2-C787-4DFE-BB69-A243613F4AA1}.Debug|x64.ActiveCfg = Debug|x64
		{6C17ACE2-C787-4DFE-BB69-A243613F4AA1}.Debug|x64.Build.0 = Debug|x64
		{6C17ACE2-C787-4DFE-BB69-A243613F4AA1}.Debug|x86.ActiveCfg = Debug|x64
		{6C17ACE2-C787-4DFE-BB69-A243613F4AA1}.Debug|x86.Build.0 = Debug|x64
		{6C17ACE2-C787-4DFE-BB69-A243613F4AA1}.Release|Any CPU.ActiveCfg = Release|x64
		{6C17ACE2-C787-4DFE-BB69-A243613F4AA1}.Release|Any CPU.Build.0 = Release|x64
		{6C17ACE2-C787-4DFE-BB69-A243613F4AA1}.Release|x64.ActiveCfg = Release|x64
		{6C17ACE2-C787-4DFE-BB69-A243613F4AA1}.Release|x64.Build.0 = Release|x64
		{6C17ACE2-C787-4DFE-BB69-A243613F4AA1}.Release|x86.ActiveCfg = Release|x64
		{6C17ACE2-C787-4DFE-BB69-A243613F4AA1}.Release|x86.Build.0 = Release|x64
		{C5842689-2ACB-45CB-B2F4-B7E9FE92D07A}.Debug|Any CPU.ActiveCfg = Debug|Any CPU
		{C5842689-2ACB-45CB-B2F4-B7E9FE92D07A}.Debug|Any CPU.Build.0 = Debug|Any CPU
		{C5842689-2ACB-45CB-B2F4-B7E9FE92D07A}.Debug|x64.ActiveCfg = Debug|Any CPU
		{C5842689-2ACB-45CB-B2F4-B7E9FE92D07A}.Debug|x64.Build.0 = Debug|Any CPU
		{C5842689-2ACB-45CB-B2F4-B7E9FE92D07A}.Debug|x86.ActiveCfg = Debug|Any CPU
		{C5842689-2ACB-45CB-B2F4-B7E9FE92D07A}.Debug|x86.Build.0 = Debug|Any CPU
		{C5842689-2ACB-45CB-B2F4-B7E9FE92D07A}.Release|Any CPU.ActiveCfg = Release|Any CPU
		{C5842689-2ACB-45CB-B2F4-B7E9FE92D07A}.Release|Any CPU.Build.0 = Release|Any CPU
		{C5842689-2ACB-45CB-B2F4-B7E9FE92D07A}.Release|x64.ActiveCfg = Release|Any CPU
		{C5842689-2ACB-45CB-B2F4-B7E9FE92D07A}.Release|x64.Build.0 = Release|Any CPU
		{C5842689-2ACB-45CB-B2F4-B7E9FE92D07A}.Release|x86.ActiveCfg = Release|Any CPU
		{C5842689-2ACB-45CB-B2F4-B7E9FE92D07A}.Release|x86.Build.0 = Release|Any CPU
		{003DF2EA-28E3-4EB2-8540-BE3C2EDF7024}.Debug|Any CPU.ActiveCfg = Debug|Any CPU
		{003DF2EA-28E3-4EB2-8540-BE3C2EDF7024}.Debug|Any CPU.Build.0 = Debug|Any CPU
		{003DF2EA-28E3-4EB2-8540-BE3C2EDF7024}.Debug|x64.ActiveCfg = Debug|Any CPU
		{003DF2EA-28E3-4EB2-8540-BE3C2EDF7024}.Debug|x64.Build.0 = Debug|Any CPU
		{003DF2EA-28E3-4EB2-8540-BE3C2EDF7024}.Debug|x86.ActiveCfg = Debug|Any CPU
		{003DF2EA-28E3-4EB2-8540-BE3C2EDF7024}.Debug|x86.Build.0 = Debug|Any CPU
		{003DF2EA-28E3-4EB2-8540-BE3C2EDF7024}.Release|Any CPU.ActiveCfg = Release|Any CPU
		{003DF2EA-28E3-4EB2-8540-BE3C2EDF7024}.Release|Any CPU.Build.0 = Release|Any CPU
		{003DF2EA-28E3-4EB2-8540-BE3C2EDF7024}.Release|x64.ActiveCfg = Release|Any CPU
		{003DF2EA-28E3-4EB2-8540-BE3C2EDF7024}.Release|x64.Build.0 = Release|Any CPU
		{003DF2EA-28E3-4EB2-8540-BE3C2EDF7024}.Release|x86.ActiveCfg = Release|Any CPU
		{003DF2EA-28E3-4EB2-8540-BE3C2EDF7024}.Release|x86.Build.0 = Release|Any CPU
		{78ABDC95-F5CB-490A-9E2F-C840866301B4}.Debug|Any CPU.ActiveCfg = Debug|x64
		{78ABDC95-F5CB-490A-9E2F-C840866301B4}.Debug|Any CPU.Build.0 = Debug|x64
		{78ABDC95-F5CB-490A-9E2F-C840866301B4}.Debug|x64.ActiveCfg = Debug|x64
		{78ABDC95-F5CB-490A-9E2F-C840866301B4}.Debug|x64.Build.0 = Debug|x64
		{78ABDC95-F5CB-490A-9E2F-C840866301B4}.Debug|x86.ActiveCfg = Debug|x64
		{78ABDC95-F5CB-490A-9E2F-C840866301B4}.Debug|x86.Build.0 = Debug|x64
		{78ABDC95-F5CB-490A-9E2F-C840866301B4}.Release|Any CPU.ActiveCfg = Release|x64
		{78ABDC95-F5CB-490A-9E2F-C840866301B4}.Release|Any CPU.Build.0 = Release|x64
		{78ABDC95-F5CB-490A-9E2F-C840866301B4}.Release|x64.ActiveCfg = Release|x64
		{78ABDC95-F5CB-490A-9E2F-C840866301B4}.Release|x64.Build.0 = Release|x64
		{78ABDC95-F5CB-490A-9E2F-C840866301B4}.Release|x86.ActiveCfg = Release|x64
		{78ABDC95-F5CB-490A-9E2F-C840866301B4}.Release|x86.Build.0 = Release|x64
	EndGlobalSection
	GlobalSection(SolutionProperties) = preSolution
		HideSolutionNode = FALSE
	EndGlobalSection
EndGlobal
